
Microsoft Visual Studio Solution File, Format Version 12.00
# Visual Studio Version 17
VisualStudioVersion = 17.5.002.0
MinimumVisualStudioVersion = 10.0.40219.1
Project("{9A19103F-16F7-4668-BE54-9A1E7A4F7556}") = "Задание 3", "Задание 3.csproj", "{D013B291-01AF-4B04-91B3-3F3D44017E6D}"
EndProject
Global
	GlobalSection(SolutionConfigurationPlatforms) = preSolution
		Debug|Any CPU = Debug|Any CPU
		Release|Any CPU = Release|Any CPU
	EndGlobalSection
	GlobalSection(ProjectConfigurationPlatforms) = postSolution
		{D013B291-01AF-4B04-91B3-3F3D44017E6D}.Debug|Any CPU.ActiveCfg = Debug|Any CPU
		{D013B291-01AF-4B04-91B3-3F3D44017E6D}.Debug|Any CPU.Build.0 = Debug|Any CPU
		{D013B291-01AF-4B04-91B3-3F3D44017E6D}.Release|Any CPU.ActiveCfg = Release|Any CPU
		{D013B291-01AF-4B04-91B3-3F3D44017E6D}.Release|Any CPU.Build.0 = Release|Any CPU
	EndGlobalSection
	GlobalSection(SolutionProperties) = preSolution
		HideSolutionNode = FALSE
	EndGlobalSection
	GlobalSection(ExtensibilityGlobals) = postSolution
		SolutionGuid = {87135EC3-6C8B-489A-8CBE-7A2EE9DD31BD}
	EndGlobalSection
EndGlobal
